// !$*UTF8*$!
{
	archiveVersion = 1;
	classes = {
	};
	objectVersion = 55;
	objects = {

/* Begin PBXBuildFile section */
		B5825748277CC55D001D5FFD /* SkinCareTrackerApp.swift in Sources */ = {isa = PBXBuildFile; fileRef = B5825747277CC55D001D5FFD /* SkinCareTrackerApp.swift */; };
		B582574A277CC55D001D5FFD /* ContentView.swift in Sources */ = {isa = PBXBuildFile; fileRef = B5825749277CC55D001D5FFD /* ContentView.swift */; };
		B582574C277CC55E001D5FFD /* Assets.xcassets in Resources */ = {isa = PBXBuildFile; fileRef = B582574B277CC55E001D5FFD /* Assets.xcassets */; };
		B582574F277CC55E001D5FFD /* Preview Assets.xcassets in Resources */ = {isa = PBXBuildFile; fileRef = B582574E277CC55E001D5FFD /* Preview Assets.xcassets */; };
		B5825759277CC55E001D5FFD /* SkinCareTrackerTests.swift in Sources */ = {isa = PBXBuildFile; fileRef = B5825758277CC55E001D5FFD /* SkinCareTrackerTests.swift */; };
		B5825763277CC55E001D5FFD /* SkinCareTrackerUITests.swift in Sources */ = {isa = PBXBuildFile; fileRef = B5825762277CC55E001D5FFD /* SkinCareTrackerUITests.swift */; };
		B5825765277CC55E001D5FFD /* SkinCareTrackerUITestsLaunchTests.swift in Sources */ = {isa = PBXBuildFile; fileRef = B5825764277CC55E001D5FFD /* SkinCareTrackerUITestsLaunchTests.swift */; };
		B5825772277CC58B001D5FFD /* HomePageView.swift in Sources */ = {isa = PBXBuildFile; fileRef = B5825771277CC58B001D5FFD /* HomePageView.swift */; };
		B5825774277CCA46001D5FFD /* HomePageViewModel.swift in Sources */ = {isa = PBXBuildFile; fileRef = B5825773277CCA46001D5FFD /* HomePageViewModel.swift */; };
		B5825776277CD782001D5FFD /* ProductDetailsView.swift in Sources */ = {isa = PBXBuildFile; fileRef = B5825775277CD782001D5FFD /* ProductDetailsView.swift */; };
		B5825778277CDA7B001D5FFD /* ProductDetailsViewModel.swift in Sources */ = {isa = PBXBuildFile; fileRef = B5825777277CDA7B001D5FFD /* ProductDetailsViewModel.swift */; };
/* End PBXBuildFile section */

/* Begin PBXContainerItemProxy section */
		B5825755277CC55E001D5FFD /* PBXContainerItemProxy */ = {
			isa = PBXContainerItemProxy;
			containerPortal = B582573C277CC55D001D5FFD /* Project object */;
			proxyType = 1;
			remoteGlobalIDString = B5825743277CC55D001D5FFD;
			remoteInfo = SkinCareTracker;
		};
		B582575F277CC55E001D5FFD /* PBXContainerItemProxy */ = {
			isa = PBXContainerItemProxy;
			containerPortal = B582573C277CC55D001D5FFD /* Project object */;
			proxyType = 1;
			remoteGlobalIDString = B5825743277CC55D001D5FFD;
			remoteInfo = SkinCareTracker;
		};
/* End PBXContainerItemProxy section */

/* Begin PBXFileReference section */
		B5825744277CC55D001D5FFD /* SkinCareTracker.app */ = {isa = PBXFileReference; explicitFileType = wrapper.application; includeInIndex = 0; path = SkinCareTracker.app; sourceTree = BUILT_PRODUCTS_DIR; };
		B5825747277CC55D001D5FFD /* SkinCareTrackerApp.swift */ = {isa = PBXFileReference; lastKnownFileType = sourcecode.swift; path = SkinCareTrackerApp.swift; sourceTree = "<group>"; };
		B5825749277CC55D001D5FFD /* ContentView.swift */ = {isa = PBXFileReference; lastKnownFileType = sourcecode.swift; path = ContentView.swift; sourceTree = "<group>"; };
		B582574B277CC55E001D5FFD /* Assets.xcassets */ = {isa = PBXFileReference; lastKnownFileType = folder.assetcatalog; path = Assets.xcassets; sourceTree = "<group>"; };
		B582574E277CC55E001D5FFD /* Preview Assets.xcassets */ = {isa = PBXFileReference; lastKnownFileType = folder.assetcatalog; path = "Preview Assets.xcassets"; sourceTree = "<group>"; };
		B5825754277CC55E001D5FFD /* SkinCareTrackerTests.xctest */ = {isa = PBXFileReference; explicitFileType = wrapper.cfbundle; includeInIndex = 0; path = SkinCareTrackerTests.xctest; sourceTree = BUILT_PRODUCTS_DIR; };
		B5825758277CC55E001D5FFD /* SkinCareTrackerTests.swift */ = {isa = PBXFileReference; lastKnownFileType = sourcecode.swift; path = SkinCareTrackerTests.swift; sourceTree = "<group>"; };
		B582575E277CC55E001D5FFD /* SkinCareTrackerUITests.xctest */ = {isa = PBXFileReference; explicitFileType = wrapper.cfbundle; includeInIndex = 0; path = SkinCareTrackerUITests.xctest; sourceTree = BUILT_PRODUCTS_DIR; };
		B5825762277CC55E001D5FFD /* SkinCareTrackerUITests.swift */ = {isa = PBXFileReference; lastKnownFileType = sourcecode.swift; path = SkinCareTrackerUITests.swift; sourceTree = "<group>"; };
		B5825764277CC55E001D5FFD /* SkinCareTrackerUITestsLaunchTests.swift */ = {isa = PBXFileReference; lastKnownFileType = sourcecode.swift; path = SkinCareTrackerUITestsLaunchTests.swift; sourceTree = "<group>"; };
		B5825771277CC58B001D5FFD /* HomePageView.swift */ = {isa = PBXFileReference; lastKnownFileType = sourcecode.swift; path = HomePageView.swift; sourceTree = "<group>"; };
		B5825773277CCA46001D5FFD /* HomePageViewModel.swift */ = {isa = PBXFileReference; lastKnownFileType = sourcecode.swift; path = HomePageViewModel.swift; sourceTree = "<group>"; };
		B5825775277CD782001D5FFD /* ProductDetailsView.swift */ = {isa = PBXFileReference; lastKnownFileType = sourcecode.swift; path = ProductDetailsView.swift; sourceTree = "<group>"; };
		B5825777277CDA7B001D5FFD /* ProductDetailsViewModel.swift */ = {isa = PBXFileReference; lastKnownFileType = sourcecode.swift; path = ProductDetailsViewModel.swift; sourceTree = "<group>"; };
/* End PBXFileReference section */

/* Begin PBXFrameworksBuildPhase section */
		B5825741277CC55D001D5FFD /* Frameworks */ = {
			isa = PBXFrameworksBuildPhase;
			buildActionMask = 2147483647;
			files = (
			);
			runOnlyForDeploymentPostprocessing = 0;
		};
		B5825751277CC55E001D5FFD /* Frameworks */ = {
			isa = PBXFrameworksBuildPhase;
			buildActionMask = 2147483647;
			files = (
			);
			runOnlyForDeploymentPostprocessing = 0;
		};
		B582575B277CC55E001D5FFD /* Frameworks */ = {
			isa = PBXFrameworksBuildPhase;
			buildActionMask = 2147483647;
			files = (
			);
			runOnlyForDeploymentPostprocessing = 0;
		};
/* End PBXFrameworksBuildPhase section */

/* Begin PBXGroup section */
		B582573B277CC55D001D5FFD = {
			isa = PBXGroup;
			children = (
				B5825746277CC55D001D5FFD /* SkinCareTracker */,
				B5825757277CC55E001D5FFD /* SkinCareTrackerTests */,
				B5825761277CC55E001D5FFD /* SkinCareTrackerUITests */,
				B5825745277CC55D001D5FFD /* Products */,
			);
			sourceTree = "<group>";
		};
		B5825745277CC55D001D5FFD /* Products */ = {
			isa = PBXGroup;
			children = (
				B5825744277CC55D001D5FFD /* SkinCareTracker.app */,
				B5825754277CC55E001D5FFD /* SkinCareTrackerTests.xctest */,
				B582575E277CC55E001D5FFD /* SkinCareTrackerUITests.xctest */,
			);
			name = Products;
			sourceTree = "<group>";
		};
		B5825746277CC55D001D5FFD /* SkinCareTracker */ = {
			isa = PBXGroup;
			children = (
				B5825747277CC55D001D5FFD /* SkinCareTrackerApp.swift */,
				B5825749277CC55D001D5FFD /* ContentView.swift */,
				B582574B277CC55E001D5FFD /* Assets.xcassets */,
				B582574D277CC55E001D5FFD /* Preview Content */,
				B5825771277CC58B001D5FFD /* HomePageView.swift */,
				B5825773277CCA46001D5FFD /* HomePageViewModel.swift */,
				B5825775277CD782001D5FFD /* ProductDetailsView.swift */,
				B5825777277CDA7B001D5FFD /* ProductDetailsViewModel.swift */,
			);
			path = SkinCareTracker;
			sourceTree = "<group>";
		};
		B582574D277CC55E001D5FFD /* Preview Content */ = {
			isa = PBXGroup;
			children = (
				B582574E277CC55E001D5FFD /* Preview Assets.xcassets */,
			);
			path = "Preview Content";
			sourceTree = "<group>";
		};
		B5825757277CC55E001D5FFD /* SkinCareTrackerTests */ = {
			isa = PBXGroup;
			children = (
				B5825758277CC55E001D5FFD /* SkinCareTrackerTests.swift */,
			);
			path = SkinCareTrackerTests;
			sourceTree = "<group>";
		};
		B5825761277CC55E001D5FFD /* SkinCareTrackerUITests */ = {
			isa = PBXGroup;
			children = (
				B5825762277CC55E001D5FFD /* SkinCareTrackerUITests.swift */,
				B5825764277CC55E001D5FFD /* SkinCareTrackerUITestsLaunchTests.swift */,
			);
			path = SkinCareTrackerUITests;
			sourceTree = "<group>";
		};
/* End PBXGroup section */

/* Begin PBXNativeTarget section */
		B5825743277CC55D001D5FFD /* SkinCareTracker */ = {
			isa = PBXNativeTarget;
			buildConfigurationList = B5825768277CC55E001D5FFD /* Build configuration list for PBXNativeTarget "SkinCareTracker" */;
			buildPhases = (
				B5825740277CC55D001D5FFD /* Sources */,
				B5825741277CC55D001D5FFD /* Frameworks */,
				B5825742277CC55D001D5FFD /* Resources */,
			);
			buildRules = (
			);
			dependencies = (
			);
			name = SkinCareTracker;
			productName = SkinCareTracker;
			productReference = B5825744277CC55D001D5FFD /* SkinCareTracker.app */;
			productType = "com.apple.product-type.application";
		};
		B5825753277CC55E001D5FFD /* SkinCareTrackerTests */ = {
			isa = PBXNativeTarget;
			buildConfigurationList = B582576B277CC55E001D5FFD /* Build configuration list for PBXNativeTarget "SkinCareTrackerTests" */;
			buildPhases = (
				B5825750277CC55E001D5FFD /* Sources */,
				B5825751277CC55E001D5FFD /* Frameworks */,
				B5825752277CC55E001D5FFD /* Resources */,
			);
			buildRules = (
			);
			dependencies = (
				B5825756277CC55E001D5FFD /* PBXTargetDependency */,
			);
			name = SkinCareTrackerTests;
			productName = SkinCareTrackerTests;
			productReference = B5825754277CC55E001D5FFD /* SkinCareTrackerTests.xctest */;
			productType = "com.apple.product-type.bundle.unit-test";
		};
		B582575D277CC55E001D5FFD /* SkinCareTrackerUITests */ = {
			isa = PBXNativeTarget;
			buildConfigurationList = B582576E277CC55E001D5FFD /* Build configuration list for PBXNativeTarget "SkinCareTrackerUITests" */;
			buildPhases = (
				B582575A277CC55E001D5FFD /* Sources */,
				B582575B277CC55E001D5FFD /* Frameworks */,
				B582575C277CC55E001D5FFD /* Resources */,
			);
			buildRules = (
			);
			dependencies = (
				B5825760277CC55E001D5FFD /* PBXTargetDependency */,
			);
			name = SkinCareTrackerUITests;
			productName = SkinCareTrackerUITests;
			productReference = B582575E277CC55E001D5FFD /* SkinCareTrackerUITests.xctest */;
			productType = "com.apple.product-type.bundle.ui-testing";
		};
/* End PBXNativeTarget section */

/* Begin PBXProject section */
		B582573C277CC55D001D5FFD /* Project object */ = {
			isa = PBXProject;
			attributes = {
				BuildIndependentTargetsInParallel = 1;
				LastSwiftUpdateCheck = 1300;
				LastUpgradeCheck = 1300;
				TargetAttributes = {
					B5825743277CC55D001D5FFD = {
						CreatedOnToolsVersion = 13.0;
					};
					B5825753277CC55E001D5FFD = {
						CreatedOnToolsVersion = 13.0;
						TestTargetID = B5825743277CC55D001D5FFD;
					};
					B582575D277CC55E001D5FFD = {
						CreatedOnToolsVersion = 13.0;
						TestTargetID = B5825743277CC55D001D5FFD;
					};
				};
			};
			buildConfigurationList = B582573F277CC55D001D5FFD /* Build configuration list for PBXProject "SkinCareTracker" */;
			compatibilityVersion = "Xcode 13.0";
			developmentRegion = en;
			hasScannedForEncodings = 0;
			knownRegions = (
				en,
				Base,
			);
			mainGroup = B582573B277CC55D001D5FFD;
			productRefGroup = B5825745277CC55D001D5FFD /* Products */;
			projectDirPath = "";
			projectRoot = "";
			targets = (
				B5825743277CC55D001D5FFD /* SkinCareTracker */,
				B5825753277CC55E001D5FFD /* SkinCareTrackerTests */,
				B582575D277CC55E001D5FFD /* SkinCareTrackerUITests */,
			);
		};
/* End PBXProject section */

/* Begin PBXResourcesBuildPhase section */
		B5825742277CC55D001D5FFD /* Resources */ = {
			isa = PBXResourcesBuildPhase;
			buildActionMask = 2147483647;
			files = (
				B582574F277CC55E001D5FFD /* Preview Assets.xcassets in Resources */,
				B582574C277CC55E001D5FFD /* Assets.xcassets in Resources */,
			);
			runOnlyForDeploymentPostprocessing = 0;
		};
		B5825752277CC55E001D5FFD /* Resources */ = {
			isa = PBXResourcesBuildPhase;
			buildActionMask = 2147483647;
			files = (
			);
			runOnlyForDeploymentPostprocessing = 0;
		};
		B582575C277CC55E001D5FFD /* Resources */ = {
			isa = PBXResourcesBuildPhase;
			buildActionMask = 2147483647;
			files = (
			);
			runOnlyForDeploymentPostprocessing = 0;
		};
/* End PBXResourcesBuildPhase section */

/* Begin PBXSourcesBuildPhase section */
		B5825740277CC55D001D5FFD /* Sources */ = {
			isa = PBXSourcesBuildPhase;
			buildActionMask = 2147483647;
			files = (
				B5825774277CCA46001D5FFD /* HomePageViewModel.swift in Sources */,
				B582574A277CC55D001D5FFD /* ContentView.swift in Sources */,
				B5825772277CC58B001D5FFD /* HomePageView.swift in Sources */,
				B5825748277CC55D001D5FFD /* SkinCareTrackerApp.swift in Sources */,
				B5825776277CD782001D5FFD /* ProductDetailsView.swift in Sources */,
				B5825778277CDA7B001D5FFD /* ProductDetailsViewModel.swift in Sources */,
			);
			runOnlyForDeploymentPostprocessing = 0;
		};
		B5825750277CC55E001D5FFD /* Sources */ = {
			isa = PBXSourcesBuildPhase;
			buildActionMask = 2147483647;
			files = (
				B5825759277CC55E001D5FFD /* SkinCareTrackerTests.swift in Sources */,
			);
			runOnlyForDeploymentPostprocessing = 0;
		};
		B582575A277CC55E001D5FFD /* Sources */ = {
			isa = PBXSourcesBuildPhase;
			buildActionMask = 2147483647;
			files = (
				B5825763277CC55E001D5FFD /* SkinCareTrackerUITests.swift in Sources */,
				B5825765277CC55E001D5FFD /* SkinCareTrackerUITestsLaunchTests.swift in Sources */,
			);
			runOnlyForDeploymentPostprocessing = 0;
		};
/* End PBXSourcesBuildPhase section */

/* Begin PBXTargetDependency section */
		B5825756277CC55E001D5FFD /* PBXTargetDependency */ = {
			isa = PBXTargetDependency;
			target = B5825743277CC55D001D5FFD /* SkinCareTracker */;
			targetProxy = B5825755277CC55E001D5FFD /* PBXContainerItemProxy */;
		};
		B5825760277CC55E001D5FFD /* PBXTargetDependency */ = {
			isa = PBXTargetDependency;
			target = B5825743277CC55D001D5FFD /* SkinCareTracker */;
			targetProxy = B582575F277CC55E001D5FFD /* PBXContainerItemProxy */;
		};
/* End PBXTargetDependency section */

/* Begin XCBuildConfiguration section */
		B5825766277CC55E001D5FFD /* Debug */ = {
			isa = XCBuildConfiguration;
			buildSettings = {
				ALWAYS_SEARCH_USER_PATHS = NO;
				CLANG_ANALYZER_NONNULL = YES;
				CLANG_ANALYZER_NUMBER_OBJECT_CONVERSION = YES_AGGRESSIVE;
				CLANG_CXX_LANGUAGE_STANDARD = "gnu++17";
				CLANG_CXX_LIBRARY = "libc++";
				CLANG_ENABLE_MODULES = YES;
				CLANG_ENABLE_OBJC_ARC = YES;
				CLANG_ENABLE_OBJC_WEAK = YES;
				CLANG_WARN_BLOCK_CAPTURE_AUTORELEASING = YES;
				CLANG_WARN_BOOL_CONVERSION = YES;
				CLANG_WARN_COMMA = YES;
				CLANG_WARN_CONSTANT_CONVERSION = YES;
				CLANG_WARN_DEPRECATED_OBJC_IMPLEMENTATIONS = YES;
				CLANG_WARN_DIRECT_OBJC_ISA_USAGE = YES_ERROR;
				CLANG_WARN_DOCUMENTATION_COMMENTS = YES;
				CLANG_WARN_EMPTY_BODY = YES;
				CLANG_WARN_ENUM_CONVERSION = YES;
				CLANG_WARN_INFINITE_RECURSION = YES;
				CLANG_WARN_INT_CONVERSION = YES;
				CLANG_WARN_NON_LITERAL_NULL_CONVERSION = YES;
				CLANG_WARN_OBJC_IMPLICIT_RETAIN_SELF = YES;
				CLANG_WARN_OBJC_LITERAL_CONVERSION = YES;
				CLANG_WARN_OBJC_ROOT_CLASS = YES_ERROR;
				CLANG_WARN_QUOTED_INCLUDE_IN_FRAMEWORK_HEADER = YES;
				CLANG_WARN_RANGE_LOOP_ANALYSIS = YES;
				CLANG_WARN_STRICT_PROTOTYPES = YES;
				CLANG_WARN_SUSPICIOUS_MOVE = YES;
				CLANG_WARN_UNGUARDED_AVAILABILITY = YES_AGGRESSIVE;
				CLANG_WARN_UNREACHABLE_CODE = YES;
				CLANG_WARN__DUPLICATE_METHOD_MATCH = YES;
				COPY_PHASE_STRIP = NO;
				DEBUG_INFORMATION_FORMAT = dwarf;
				ENABLE_STRICT_OBJC_MSGSEND = YES;
				ENABLE_TESTABILITY = YES;
				GCC_C_LANGUAGE_STANDARD = gnu11;
				GCC_DYNAMIC_NO_PIC = NO;
				GCC_NO_COMMON_BLOCKS = YES;
				GCC_OPTIMIZATION_LEVEL = 0;
				GCC_PREPROCESSOR_DEFINITIONS = (
					"DEBUG=1",
					"$(inherited)",
				);
				GCC_WARN_64_TO_32_BIT_CONVERSION = YES;
				GCC_WARN_ABOUT_RETURN_TYPE = YES_ERROR;
				GCC_WARN_UNDECLARED_SELECTOR = YES;
				GCC_WARN_UNINITIALIZED_AUTOS = YES_AGGRESSIVE;
				GCC_WARN_UNUSED_FUNCTION = YES;
				GCC_WARN_UNUSED_VARIABLE = YES;
				IPHONEOS_DEPLOYMENT_TARGET = 15.0;
				MTL_ENABLE_DEBUG_INFO = INCLUDE_SOURCE;
				MTL_FAST_MATH = YES;
				ONLY_ACTIVE_ARCH = YES;
				SDKROOT = iphoneos;
				SWIFT_ACTIVE_COMPILATION_CONDITIONS = DEBUG;
				SWIFT_OPTIMIZATION_LEVEL = "-Onone";
			};
			name = Debug;
		};
		B5825767277CC55E001D5FFD /* Release */ = {
			isa = XCBuildConfiguration;
			buildSettings = {
				ALWAYS_SEARCH_USER_PATHS = NO;
				CLANG_ANALYZER_NONNULL = YES;
				CLANG_ANALYZER_NUMBER_OBJECT_CONVERSION = YES_AGGRESSIVE;
				CLANG_CXX_LANGUAGE_STANDARD = "gnu++17";
				CLANG_CXX_LIBRARY = "libc++";
				CLANG_ENABLE_MODULES = YES;
				CLANG_ENABLE_OBJC_ARC = YES;
				CLANG_ENABLE_OBJC_WEAK = YES;
				CLANG_WARN_BLOCK_CAPTURE_AUTORELEASING = YES;
				CLANG_WARN_BOOL_CONVERSION = YES;
				CLANG_WARN_COMMA = YES;
				CLANG_WARN_CONSTANT_CONVERSION = YES;
				CLANG_WARN_DEPRECATED_OBJC_IMPLEMENTATIONS = YES;
				CLANG_WARN_DIRECT_OBJC_ISA_USAGE = YES_ERROR;
				CLANG_WARN_DOCUMENTATION_COMMENTS = YES;
				CLANG_WARN_EMPTY_BODY = YES;
				CLANG_WARN_ENUM_CONVERSION = YES;
				CLANG_WARN_INFINITE_RECURSION = YES;
				CLANG_WARN_INT_CONVERSION = YES;
				CLANG_WARN_NON_LITERAL_NULL_CONVERSION = YES;
				CLANG_WARN_OBJC_IMPLICIT_RETAIN_SELF = YES;
				CLANG_WARN_OBJC_LITERAL_CONVERSION = YES;
				CLANG_WARN_OBJC_ROOT_CLASS = YES_ERROR;
				CLANG_WARN_QUOTED_INCLUDE_IN_FRAMEWORK_HEADER = YES;
				CLANG_WARN_RANGE_LOOP_ANALYSIS = YES;
				CLANG_WARN_STRICT_PROTOTYPES = YES;
				CLANG_WARN_SUSPICIOUS_MOVE = YES;
				CLANG_WARN_UNGUARDED_AVAILABILITY = YES_AGGRESSIVE;
				CLANG_WARN_UNREACHABLE_CODE = YES;
				CLANG_WARN__DUPLICATE_METHOD_MATCH = YES;
				COPY_PHASE_STRIP = NO;
				DEBUG_INFORMATION_FORMAT = "dwarf-with-dsym";
				ENABLE_NS_ASSERTIONS = NO;
				ENABLE_STRICT_OBJC_MSGSEND = YES;
				GCC_C_LANGUAGE_STANDARD = gnu11;
				GCC_NO_COMMON_BLOCKS = YES;
				GCC_WARN_64_TO_32_BIT_CONVERSION = YES;
				GCC_WARN_ABOUT_RETURN_TYPE = YES_ERROR;
				GCC_WARN_UNDECLARED_SELECTOR = YES;
				GCC_WARN_UNINITIALIZED_AUTOS = YES_AGGRESSIVE;
				GCC_WARN_UNUSED_FUNCTION = YES;
				GCC_WARN_UNUSED_VARIABLE = YES;
				IPHONEOS_DEPLOYMENT_TARGET = 15.0;
				MTL_ENABLE_DEBUG_INFO = NO;
				MTL_FAST_MATH = YES;
				SDKROOT = iphoneos;
				SWIFT_COMPILATION_MODE = wholemodule;
				SWIFT_OPTIMIZATION_LEVEL = "-O";
				VALIDATE_PRODUCT = YES;
			};
			name = Release;
		};
		B5825769277CC55E001D5FFD /* Debug */ = {
			isa = XCBuildConfiguration;
			buildSettings = {
				ASSETCATALOG_COMPILER_APPICON_NAME = AppIcon;
				ASSETCATALOG_COMPILER_GLOBAL_ACCENT_COLOR_NAME = AccentColor;
				CODE_SIGN_STYLE = Automatic;
				CURRENT_PROJECT_VERSION = 1;
				DEVELOPMENT_ASSET_PATHS = "\"SkinCareTracker/Preview Content\"";
				DEVELOPMENT_TEAM = DP35G3JNX9;
				ENABLE_PREVIEWS = YES;
				GENERATE_INFOPLIST_FILE = YES;
				INFOPLIST_KEY_UIApplicationSceneManifest_Generation = YES;
				INFOPLIST_KEY_UIApplicationSupportsIndirectInputEvents = YES;
				INFOPLIST_KEY_UILaunchScreen_Generation = YES;
				INFOPLIST_KEY_UISupportedInterfaceOrientations_iPad = "UIInterfaceOrientationPortrait UIInterfaceOrientationPortraitUpsideDown UIInterfaceOrientationLandscapeLeft UIInterfaceOrientationLandscapeRight";
				INFOPLIST_KEY_UISupportedInterfaceOrientations_iPhone = "UIInterfaceOrientationPortrait UIInterfaceOrientationLandscapeLeft UIInterfaceOrientationLandscapeRight";
				IPHONEOS_DEPLOYMENT_TARGET = 14.0;
				LD_RUNPATH_SEARCH_PATHS = (
					"$(inherited)",
					"@executable_path/Frameworks",
				);
				MARKETING_VERSION = 1.0;
				PRODUCT_BUNDLE_IDENTIFIER = com.abdullahridwan.SkinCareTracker;
				PRODUCT_NAME = "$(TARGET_NAME)";
				SWIFT_EMIT_LOC_STRINGS = YES;
				SWIFT_VERSION = 5.0;
				TARGETED_DEVICE_FAMILY = "1,2";
			};
			name = Debug;
		};
		B582576A277CC55E001D5FFD /* Release */ = {
			isa = XCBuildConfiguration;
			buildSettings = {
				ASSETCATALOG_COMPILER_APPICON_NAME = AppIcon;
				ASSETCATALOG_COMPILER_GLOBAL_ACCENT_COLOR_NAME = AccentColor;
				CODE_SIGN_STYLE = Automatic;
				CURRENT_PROJECT_VERSION = 1;
				DEVELOPMENT_ASSET_PATHS = "\"SkinCareTracker/Preview Content\"";
				DEVELOPMENT_TEAM = DP35G3JNX9;
				ENABLE_PREVIEWS = YES;
				GENERATE_INFOPLIST_FILE = YES;
				INFOPLIST_KEY_UIApplicationSceneManifest_Generation = YES;
				INFOPLIST_KEY_UIApplicationSupportsIndirectInputEvents = YES;
				INFOPLIST_KEY_UILaunchScreen_Generation = YES;
				INFOPLIST_KEY_UISupportedInterfaceOrientations_iPad = "UIInterfaceOrientationPortrait UIInterfaceOrientationPortraitUpsideDown UIInterfaceOrientationLandscapeLeft UIInterfaceOrientationLandscapeRight";
				INFOPLIST_KEY_UISupportedInterfaceOrientations_iPhone = "UIInterfaceOrientationPortrait UIInterfaceOrientationLandscapeLeft UIInterfaceOrientationLandscapeRight";
				IPHONEOS_DEPLOYMENT_TARGET = 14.0;
				LD_RUNPATH_SEARCH_PATHS = (
					"$(inherited)",
					"@executable_path/Frameworks",
				);
				MARKETING_VERSION = 1.0;
				PRODUCT_BUNDLE_IDENTIFIER = com.abdullahridwan.SkinCareTracker;
				PRODUCT_NAME = "$(TARGET_NAME)";
				SWIFT_EMIT_LOC_STRINGS = YES;
				SWIFT_VERSION = 5.0;
				TARGETED_DEVICE_FAMILY = "1,2";
			};
			name = Release;
		};
		B582576C277CC55E001D5FFD /* Debug */ = {
			isa = XCBuildConfiguration;
			buildSettings = {
				ALWAYS_EMBED_SWIFT_STANDARD_LIBRARIES = YES;
				BUNDLE_LOADER = "$(TEST_HOST)";
				CODE_SIGN_STYLE = Automatic;
				CURRENT_PROJECT_VERSION = 1;
				DEVELOPMENT_TEAM = DP35G3JNX9;
				GENERATE_INFOPLIST_FILE = YES;
				IPHONEOS_DEPLOYMENT_TARGET = 14.0;
				LD_RUNPATH_SEARCH_PATHS = (
					"$(inherited)",
					"@executable_path/Frameworks",
					"@loader_path/Frameworks",
				);
				MARKETING_VERSION = 1.0;
				PRODUCT_BUNDLE_IDENTIFIER = com.abdullahridwan.SkinCareTrackerTests;
				PRODUCT_NAME = "$(TARGET_NAME)";
				SWIFT_EMIT_LOC_STRINGS = NO;
				SWIFT_VERSION = 5.0;
				TARGETED_DEVICE_FAMILY = "1,2";
				TEST_HOST = "$(BUILT_PRODUCTS_DIR)/SkinCareTracker.app/SkinCareTracker";
			};
			name = Debug;
		};
		B582576D277CC55E001D5FFD /* Release */ = {
			isa = XCBuildConfiguration;
			buildSettings = {
				ALWAYS_EMBED_SWIFT_STANDARD_LIBRARIES = YES;
				BUNDLE_LOADER = "$(TEST_HOST)";
				CODE_SIGN_STYLE = Automatic;
				CURRENT_PROJECT_VERSION = 1;
				DEVELOPMENT_TEAM = DP35G3JNX9;
				GENERATE_INFOPLIST_FILE = YES;
				IPHONEOS_DEPLOYMENT_TARGET = 14.0;
				LD_RUNPATH_SEARCH_PATHS = (
					"$(inherited)",
					"@executable_path/Frameworks",
					"@loader_path/Frameworks",
				);
				MARKETING_VERSION = 1.0;
				PRODUCT_BUNDLE_IDENTIFIER = com.abdullahridwan.SkinCareTrackerTests;
				PRODUCT_NAME = "$(TARGET_NAME)";
				SWIFT_EMIT_LOC_STRINGS = NO;
				SWIFT_VERSION = 5.0;
				TARGETED_DEVICE_FAMILY = "1,2";
				TEST_HOST = "$(BUILT_PRODUCTS_DIR)/SkinCareTracker.app/SkinCareTracker";
			};
			name = Release;
		};
		B582576F277CC55E001D5FFD /* Debug */ = {
			isa = XCBuildConfiguration;
			buildSettings = {
				ALWAYS_EMBED_SWIFT_STANDARD_LIBRARIES = YES;
				CODE_SIGN_STYLE = Automatic;
				CURRENT_PROJECT_VERSION = 1;
				DEVELOPMENT_TEAM = DP35G3JNX9;
				GENERATE_INFOPLIST_FILE = YES;
				LD_RUNPATH_SEARCH_PATHS = (
					"$(inherited)",
					"@executable_path/Frameworks",
					"@loader_path/Frameworks",
				);
				MARKETING_VERSION = 1.0;
				PRODUCT_BUNDLE_IDENTIFIER = com.abdullahridwan.SkinCareTrackerUITests;
				PRODUCT_NAME = "$(TARGET_NAME)";
				SWIFT_EMIT_LOC_STRINGS = NO;
				SWIFT_VERSION = 5.0;
				TARGETED_DEVICE_FAMILY = "1,2";
				TEST_TARGET_NAME = SkinCareTracker;
			};
			name = Debug;
		};
		B5825770277CC55E001D5FFD /* Release */ = {
			isa = XCBuildConfiguration;
			buildSettings = {
				ALWAYS_EMBED_SWIFT_STANDARD_LIBRARIES = YES;
				CODE_SIGN_STYLE = Automatic;
				CURRENT_PROJECT_VERSION = 1;
				DEVELOPMENT_TEAM = DP35G3JNX9;
				GENERATE_INFOPLIST_FILE = YES;
				LD_RUNPATH_SEARCH_PATHS = (
					"$(inherited)",
					"@executable_path/Frameworks",
					"@loader_path/Frameworks",
				);
				MARKETING_VERSION = 1.0;
				PRODUCT_BUNDLE_IDENTIFIER = com.abdullahridwan.SkinCareTrackerUITests;
				PRODUCT_NAME = "$(TARGET_NAME)";
				SWIFT_EMIT_LOC_STRINGS = NO;
				SWIFT_VERSION = 5.0;
				TARGETED_DEVICE_FAMILY = "1,2";
				TEST_TARGET_NAME = SkinCareTracker;
			};
			name = Release;
		};
/* End XCBuildConfiguration section */

/* Begin XCConfigurationList section */
		B582573F277CC55D001D5FFD /* Build configuration list for PBXProject "SkinCareTracker" */ = {
			isa = XCConfigurationList;
			buildConfigurations = (
				B5825766277CC55E001D5FFD /* Debug */,
				B5825767277CC55E001D5FFD /* Release */,
			);
			defaultConfigurationIsVisible = 0;
			defaultConfigurationName = Release;
		};
		B5825768277CC55E001D5FFD /* Build configuration list for PBXNativeTarget "SkinCareTracker" */ = {
			isa = XCConfigurationList;
			buildConfigurations = (
				B5825769277CC55E001D5FFD /* Debug */,
				B582576A277CC55E001D5FFD /* Release */,
			);
			defaultConfigurationIsVisible = 0;
			defaultConfigurationName = Release;
		};
		B582576B277CC55E001D5FFD /* Build configuration list for PBXNativeTarget "SkinCareTrackerTests" */ = {
			isa = XCConfigurationList;
			buildConfigurations = (
				B582576C277CC55E001D5FFD /* Debug */,
				B582576D277CC55E001D5FFD /* Release */,
			);
			defaultConfigurationIsVisible = 0;
			defaultConfigurationName = Release;
		};
		B582576E277CC55E001D5FFD /* Build configuration list for PBXNativeTarget "SkinCareTrackerUITests" */ = {
			isa = XCConfigurationList;
			buildConfigurations = (
				B582576F277CC55E001D5FFD /* Debug */,
				B5825770277CC55E001D5FFD /* Release */,
			);
			defaultConfigurationIsVisible = 0;
			defaultConfigurationName = Release;
		};
/* End XCConfigurationList section */
	};
	rootObject = B582573C277CC55D001D5FFD /* Project object */;
}
